Microsoft Visual Studio Solution File, Format Version 11.00
# Visual Studio 2008

Project("{2DD44722-45A6-96BC-0B4B-944DB2A8B519}") = "Individual", "Assembly-CSharp.csproj", "{2989A7FC-CE76-4ED6-A467-3636C1D2D4C2}"
EndProject
Global
	GlobalSection(SolutionConfigurationPlatforms) = preSolution
		Debug|Any CPU = Debug|Any CPU
		Release|Any CPU = Release|Any CPU
	EndGlobalSection
	GlobalSection(ProjectConfigurationPlatforms) = postSolution
		{2989A7FC-CE76-4ED6-A467-3636C1D2D4C2}.Debug|Any CPU.ActiveCfg = Debug|Any CPU
		{2989A7FC-CE76-4ED6-A467-3636C1D2D4C2}.Debug|Any CPU.Build.0 = Debug|Any CPU
		{2989A7FC-CE76-4ED6-A467-3636C1D2D4C2}.Release|Any CPU.ActiveCfg = Release|Any CPU
		{2989A7FC-CE76-4ED6-A467-3636C1D2D4C2}.Release|Any CPU.Build.0 = Release|Any CPU
	EndGlobalSection
	GlobalSection(SolutionProperties) = preSolution
		HideSolutionNode = FALSE
	EndGlobalSection
	GlobalSection(MonoDevelopProperties) = preSolution
		StartupItem = Assembly-CSharp.csproj
	EndGlobalSection
EndGlobal
